
Microsoft Visual Studio Solution File, Format Version 12.00
# Visual Studio Version 17
VisualStudioVersion = 17.11.35222.181
MinimumVisualStudioVersion = 10.0.40219.1
Project("{8BC9CEB8-8B4A-11D0-8D11-00A0C91BC942}") = "Typrs_Of_Loops", "Typrs_Of_Loops.vcxproj", "{DC2AB18E-02E1-43B9-9C02-45D72FEEEDA7}"
EndProject
Global
	GlobalSection(SolutionConfigurationPlatforms) = preSolution
		Debug|x64 = Debug|x64
		Debug|x86 = Debug|x86
		Release|x64 = Release|x64
		Release|x86 = Release|x86
	EndGlobalSection
	GlobalSection(ProjectConfigurationPlatforms) = postSolution
		{DC2AB18E-02E1-43B9-9C02-45D72FEEEDA7}.Debug|x64.ActiveCfg = Debug|x64
		{DC2AB18E-02E1-43B9-9C02-45D72FEEEDA7}.Debug|x64.Build.0 = Debug|x64
		{DC2AB18E-02E1-43B9-9C02-45D72FEEEDA7}.Debug|x86.ActiveCfg = Debug|Win32
		{DC2AB18E-02E1-43B9-9C02-45D72FEEEDA7}.Debug|x86.Build.0 = Debug|Win32
		{DC2AB18E-02E1-43B9-9C02-45D72FEEEDA7}.Release|x64.ActiveCfg = Release|x64
		{DC2AB18E-02E1-43B9-9C02-45D72FEEEDA7}.Release|x64.Build.0 = Release|x64
		{DC2AB18E-02E1-43B9-9C02-45D72FEEEDA7}.Release|x86.ActiveCfg = Release|Win32
		{DC2AB18E-02E1-43B9-9C02-45D72FEEEDA7}.Release|x86.Build.0 = Release|Win32
	EndGlobalSection
	GlobalSection(SolutionProperties) = preSolution
		HideSolutionNode = FALSE
	EndGlobalSection
	GlobalSection(ExtensibilityGlobals) = postSolution
		SolutionGuid = {D8C811FC-659D-4E55-BE18-5D1DAD4EDA50}
	EndGlobalSection
EndGlobal
