
Microsoft Visual Studio Solution File, Format Version 12.00
# Visual Studio Version 17
VisualStudioVersion = 17.11.35312.102
MinimumVisualStudioVersion = 10.0.40219.1
Project("{8BC9CEB8-8B4A-11D0-8D11-00A0C91BC942}") = "Enemy_Health", "Enemy_Health.vcxproj", "{68775CF7-161B-4CB2-8F40-96D933ED4619}"
EndProject
Global
	GlobalSection(SolutionConfigurationPlatforms) = preSolution
		Debug|x64 = Debug|x64
		Debug|x86 = Debug|x86
		Release|x64 = Release|x64
		Release|x86 = Release|x86
	EndGlobalSection
	GlobalSection(ProjectConfigurationPlatforms) = postSolution
		{68775CF7-161B-4CB2-8F40-96D933ED4619}.Debug|x64.ActiveCfg = Debug|x64
		{68775CF7-161B-4CB2-8F40-96D933ED4619}.Debug|x64.Build.0 = Debug|x64
		{68775CF7-161B-4CB2-8F40-96D933ED4619}.Debug|x86.ActiveCfg = Debug|Win32
		{68775CF7-161B-4CB2-8F40-96D933ED4619}.Debug|x86.Build.0 = Debug|Win32
		{68775CF7-161B-4CB2-8F40-96D933ED4619}.Release|x64.ActiveCfg = Release|x64
		{68775CF7-161B-4CB2-8F40-96D933ED4619}.Release|x64.Build.0 = Release|x64
		{68775CF7-161B-4CB2-8F40-96D933ED4619}.Release|x86.ActiveCfg = Release|Win32
		{68775CF7-161B-4CB2-8F40-96D933ED4619}.Release|x86.Build.0 = Release|Win32
	EndGlobalSection
	GlobalSection(SolutionProperties) = preSolution
		HideSolutionNode = FALSE
	EndGlobalSection
	GlobalSection(ExtensibilityGlobals) = postSolution
		SolutionGuid = {F1217323-9D99-40FB-A71E-274676A893F1}
	EndGlobalSection
EndGlobal
